PODS:
  - Protobuf (3.26.1)
  - SSZipArchive (2.1.4)

DEPENDENCIES:
  - Protobuf (~> 3.26.1)
  - SSZipArchive (~> 2.1.4)

SPEC REPOS:
  https://github.com/CocoaPods/Specs.git:
    - SSZipArchive
  trunk:
    - Protobuf

SPEC CHECKSUMS:
  Protobuf: a53f5173a603075b3522a5c50be63a67a5f3353a
  SSZipArchive: 41455d4b8d2b6ab93990820b50dc697c2554a322

PODFILE CHECKSUM: b18966b0276450522c7173483972bfa24cccb978

COCOAPODS: 1.14.3
